// !$*UTF8*$!
{
	archiveVersion = 1;
	classes = {
	};
	objectVersion = 46;
	objects = {

/* Begin PBXBuildFile section */
		703EE013630C21DB13CD748C /* libPods-ZBAnt.a in Frameworks */ = {isa = PBXBuildFile; fileRef = 4FE83F78D45ADA8B1D77D17C /* libPods-ZBAnt.a */; };
		7707A6FA1D8C362A00B2328F /* ZBStatisticsViewController.m in Sources */ = {isa = PBXBuildFile; fileRef = 7707A6F91D8C362A00B2328F /* ZBStatisticsViewController.m */; };
		7707A6FD1D8C3A6D00B2328F /* ZBServersViewController.m in Sources */ = {isa = PBXBuildFile; fileRef = 7707A6FC1D8C3A6D00B2328F /* ZBServersViewController.m */; };
		772687591CB6468B005A9CC3 /* ZBAnt.m in Sources */ = {isa = PBXBuildFile; fileRef = 772687561CB6468B005A9CC3 /* ZBAnt.m */; };
		7730ED081D8BF0EE0056877C /* ZBHTTPManager.m in Sources */ = {isa = PBXBuildFile; fileRef = 7730ED071D8BF0EE0056877C /* ZBHTTPManager.m */; };
		7737091A1CB509760072FE7D /* WebKit.framework in Frameworks */ = {isa = PBXBuildFile; fileRef = 773709191CB509760072FE7D /* WebKit.framework */; };
		774B426C1D8E5894006AE931 /* ZBServerSettingsViewController.m in Sources */ = {isa = PBXBuildFile; fileRef = 774B426B1D8E5894006AE931 /* ZBServerSettingsViewController.m */; };
		774B426F1D8E68CB006AE931 /* ZBAntServer.m in Sources */ = {isa = PBXBuildFile; fileRef = 774B426E1D8E68CB006AE931 /* ZBAntServer.m */; };
		774B42731D8E99FD006AE931 /* ZBLoginViewController.m in Sources */ = {isa = PBXBuildFile; fileRef = 774B42721D8E99FD006AE931 /* ZBLoginViewController.m */; };
		779161581CB2324E00CB0C77 /* main.m in Sources */ = {isa = PBXBuildFile; fileRef = 779161571CB2324E00CB0C77 /* main.m */; };
		7791615B1CB2324E00CB0C77 /* AppDelegate.m in Sources */ = {isa = PBXBuildFile; fileRef = 7791615A1CB2324E00CB0C77 /* AppDelegate.m */; };
		7791615E1CB2324E00CB0C77 /* FirstViewController.m in Sources */ = {isa = PBXBuildFile; fileRef = 7791615D1CB2324E00CB0C77 /* FirstViewController.m */; };
		779161611CB2324E00CB0C77 /* SecondViewController.m in Sources */ = {isa = PBXBuildFile; fileRef = 779161601CB2324E00CB0C77 /* SecondViewController.m */; };
		779161641CB2324E00CB0C77 /* Main.storyboard in Resources */ = {isa = PBXBuildFile; fileRef = 779161621CB2324E00CB0C77 /* Main.storyboard */; };
		779161661CB2324E00CB0C77 /* Assets.xcassets in Resources */ = {isa = PBXBuildFile; fileRef = 779161651CB2324E00CB0C77 /* Assets.xcassets */; };
		779161691CB2324E00CB0C77 /* LaunchScreen.storyboard in Resources */ = {isa = PBXBuildFile; fileRef = 779161671CB2324E00CB0C77 /* LaunchScreen.storyboard */; };
		77C9CD0F1D6F2AD90049097F /* NSString+AESCrypt.m in Sources */ = {isa = PBXBuildFile; fileRef = 77C9CD0E1D6F2AD90049097F /* NSString+AESCrypt.m */; };
		77E733871D9633A200B6BB98 /* ZBNewrankViewController.m in Sources */ = {isa = PBXBuildFile; fileRef = 77E733861D9633A200B6BB98 /* ZBNewrankViewController.m */; };
		77EB905D1D8FF1F5004C74DC /* ZBPingViewController.m in Sources */ = {isa = PBXBuildFile; fileRef = 77EB905C1D8FF1F5004C74DC /* ZBPingViewController.m */; };
/* End PBXBuildFile section */

/* Begin PBXFileReference section */
		4FE83F78D45ADA8B1D77D17C /* libPods-ZBAnt.a */ = {isa = PBXFileReference; explicitFileType = archive.ar; includeInIndex = 0; path = "libPods-ZBAnt.a"; sourceTree = BUILT_PRODUCTS_DIR; };
		7707A6F81D8C362A00B2328F /* ZBStatisticsViewController.h */ = {isa = PBXFileReference; fileEncoding = 4; lastKnownFileType = sourcecode.c.h; name = ZBStatisticsViewController.h; path = ZBAnt/ZBStatisticsViewController.h; sourceTree = "<group>"; };
		7707A6F91D8C362A00B2328F /* ZBStatisticsViewController.m */ = {isa = PBXFileReference; fileEncoding = 4; lastKnownFileType = sourcecode.c.objc; name = ZBStatisticsViewController.m; path = ZBAnt/ZBStatisticsViewController.m; sourceTree = "<group>"; };
		7707A6FB1D8C3A6D00B2328F /* ZBServersViewController.h */ = {isa = PBXFileReference; fileEncoding = 4; lastKnownFileType = sourcecode.c.h; name = ZBServersViewController.h; path = ZBAnt/ZBServersViewController.h; sourceTree = "<group>"; };
		7707A6FC1D8C3A6D00B2328F /* ZBServersViewController.m */ = {isa = PBXFileReference; fileEncoding = 4; lastKnownFileType = sourcecode.c.objc; name = ZBServersViewController.m; path = ZBAnt/ZBServersViewController.m; sourceTree = "<group>"; };
		772687551CB6468B005A9CC3 /* ZBAnt.h */ = {isa = PBXFileReference; fileEncoding = 4; lastKnownFileType = sourcecode.c.h; path = ZBAnt.h; sourceTree = "<group>"; };
		772687561CB6468B005A9CC3 /* ZBAnt.m */ = {isa = PBXFileReference; fileEncoding = 4; lastKnownFileType = sourcecode.c.objc; path = ZBAnt.m; sourceTree = "<group>"; };
		7730ED061D8BF0EE0056877C /* ZBHTTPManager.h */ = {isa = PBXFileReference; fileEncoding = 4; lastKnownFileType = sourcecode.c.h; name = ZBHTTPManager.h; path = ZBAnt/ZBHTTPManager.h; sourceTree = "<group>"; };
		7730ED071D8BF0EE0056877C /* ZBHTTPManager.m */ = {isa = PBXFileReference; fileEncoding = 4; lastKnownFileType = sourcecode.c.objc; name = ZBHTTPManager.m; path = ZBAnt/ZBHTTPManager.m; sourceTree = "<group>"; };
		773709191CB509760072FE7D /* WebKit.framework */ = {isa = PBXFileReference; lastKnownFileType = wrapper.framework; name = WebKit.framework; path = System/Library/Frameworks/WebKit.framework; sourceTree = SDKROOT; };
		774B426A1D8E5894006AE931 /* ZBServerSettingsViewController.h */ = {isa = PBXFileReference; fileEncoding = 4; lastKnownFileType = sourcecode.c.h; name = ZBServerSettingsViewController.h; path = ZBAnt/ZBServerSettingsViewController.h; sourceTree = "<group>"; };
		774B426B1D8E5894006AE931 /* ZBServerSettingsViewController.m */ = {isa = PBXFileReference; fileEncoding = 4; lastKnownFileType = sourcecode.c.objc; name = ZBServerSettingsViewController.m; path = ZBAnt/ZBServerSettingsViewController.m; sourceTree = "<group>"; };
		774B426D1D8E68CB006AE931 /* ZBAntServer.h */ = {isa = PBXFileReference; fileEncoding = 4; lastKnownFileType = sourcecode.c.h; name = ZBAntServer.h; path = ZBAnt/ZBAntServer.h; sourceTree = "<group>"; };
		774B426E1D8E68CB006AE931 /* ZBAntServer.m */ = {isa = PBXFileReference; fileEncoding = 4; lastKnownFileType = sourcecode.c.objc; name = ZBAntServer.m; path = ZBAnt/ZBAntServer.m; sourceTree = "<group>"; };
		774B42711D8E99FD006AE931 /* ZBLoginViewController.h */ = {isa = PBXFileReference; fileEncoding = 4; lastKnownFileType = sourcecode.c.h; name = ZBLoginViewController.h; path = ZBAnt/ZBLoginViewController.h; sourceTree = "<group>"; };
		774B42721D8E99FD006AE931 /* ZBLoginViewController.m */ = {isa = PBXFileReference; fileEncoding = 4; lastKnownFileType = sourcecode.c.objc; name = ZBLoginViewController.m; path = ZBAnt/ZBLoginViewController.m; sourceTree = "<group>"; };
		779161531CB2324E00CB0C77 /* ZBAnt.app */ = {isa = PBXFileReference; explicitFileType = wrapper.application; includeInIndex = 0; path = ZBAnt.app; sourceTree = BUILT_PRODUCTS_DIR; };
		779161571CB2324E00CB0C77 /* main.m */ = {isa = PBXFileReference; lastKnownFileType = sourcecode.c.objc; name = main.m; path = ZBAnt/main.m; sourceTree = "<group>"; };
		779161591CB2324E00CB0C77 /* AppDelegate.h */ = {isa = PBXFileReference; lastKnownFileType = sourcecode.c.h; name = AppDelegate.h; path = ZBAnt/AppDelegate.h; sourceTree = "<group>"; };
		7791615A1CB2324E00CB0C77 /* AppDelegate.m */ = {isa = PBXFileReference; lastKnownFileType = sourcecode.c.objc; name = AppDelegate.m; path = ZBAnt/AppDelegate.m; sourceTree = "<group>"; };
		7791615C1CB2324E00CB0C77 /* FirstViewController.h */ = {isa = PBXFileReference; lastKnownFileType = sourcecode.c.h; name = FirstViewController.h; path = ZBAnt/FirstViewController.h; sourceTree = "<group>"; };
		7791615D1CB2324E00CB0C77 /* FirstViewController.m */ = {isa = PBXFileReference; lastKnownFileType = sourcecode.c.objc; name = FirstViewController.m; path = ZBAnt/FirstViewController.m; sourceTree = "<group>"; };
		7791615F1CB2324E00CB0C77 /* SecondViewController.h */ = {isa = PBXFileReference; lastKnownFileType = sourcecode.c.h; name = SecondViewController.h; path = ZBAnt/SecondViewController.h; sourceTree = "<group>"; };
		779161601CB2324E00CB0C77 /* SecondViewController.m */ = {isa = PBXFileReference; lastKnownFileType = sourcecode.c.objc; name = SecondViewController.m; path = ZBAnt/SecondViewController.m; sourceTree = "<group>"; };
		779161631CB2324E00CB0C77 /* Base */ = {isa = PBXFileReference; lastKnownFileType = file.storyboard; name = Base; path = Base.lproj/Main.storyboard; sourceTree = "<group>"; };
		779161651CB2324E00CB0C77 /* Assets.xcassets */ = {isa = PBXFileReference; lastKnownFileType = folder.assetcatalog; name = Assets.xcassets; path = ZBAnt/Assets.xcassets; sourceTree = "<group>"; };
		779161681CB2324E00CB0C77 /* Base */ = {isa = PBXFileReference; lastKnownFileType = file.storyboard; name = Base; path = Base.lproj/LaunchScreen.storyboard; sourceTree = "<group>"; };
		7791616A1CB2324E00CB0C77 /* Info.plist */ = {isa = PBXFileReference; lastKnownFileType = text.plist.xml; name = Info.plist; path = ZBAnt/Info.plist; sourceTree = "<group>"; };
		77C9CD0D1D6F2AD90049097F /* NSString+AESCrypt.h */ = {isa = PBXFileReference; fileEncoding = 4; lastKnownFileType = sourcecode.c.h; path = "NSString+AESCrypt.h"; sourceTree = "<group>"; };
		77C9CD0E1D6F2AD90049097F /* NSString+AESCrypt.m */ = {isa = PBXFileReference; fileEncoding = 4; lastKnownFileType = sourcecode.c.objc; path = "NSString+AESCrypt.m"; sourceTree = "<group>"; };
		77E733851D9633A200B6BB98 /* ZBNewrankViewController.h */ = {isa = PBXFileReference; fileEncoding = 4; lastKnownFileType = sourcecode.c.h; name = ZBNewrankViewController.h; path = ZBAnt/ZBNewrankViewController.h; sourceTree = "<group>"; };
		77E733861D9633A200B6BB98 /* ZBNewrankViewController.m */ = {isa = PBXFileReference; fileEncoding = 4; lastKnownFileType = sourcecode.c.objc; name = ZBNewrankViewController.m; path = ZBAnt/ZBNewrankViewController.m; sourceTree = "<group>"; };
		77EB905B1D8FF1F5004C74DC /* ZBPingViewController.h */ = {isa = PBXFileReference; fileEncoding = 4; lastKnownFileType = sourcecode.c.h; name = ZBPingViewController.h; path = ZBAnt/ZBPingViewController.h; sourceTree = "<group>"; };
		77EB905C1D8FF1F5004C74DC /* ZBPingViewController.m */ = {isa = PBXFileReference; fileEncoding = 4; lastKnownFileType = sourcecode.c.objc; name = ZBPingViewController.m; path = ZBAnt/ZBPingViewController.m; sourceTree = "<group>"; };
		A056646329995E61274C7746 /* Pods-ZBAnt.debug.xcconfig */ = {isa = PBXFileReference; includeInIndex = 1; lastKnownFileType = text.xcconfig; name = "Pods-ZBAnt.debug.xcconfig"; path = "Pods/Target Support Files/Pods-ZBAnt/Pods-ZBAnt.debug.xcconfig"; sourceTree = "<group>"; };
		F74214331E04B05602FDEE98 /* Pods-ZBAnt.release.xcconfig */ = {isa = PBXFileReference; includeInIndex = 1; lastKnownFileType = text.xcconfig; name = "Pods-ZBAnt.release.xcconfig"; path = "Pods/Target Support Files/Pods-ZBAnt/Pods-ZBAnt.release.xcconfig"; sourceTree = "<group>"; };
/* End PBXFileReference section */

/* Begin PBXFrameworksBuildPhase section */
		779161501CB2324E00CB0C77 /* Frameworks */ = {
			isa = PBXFrameworksBuildPhase;
			buildActionMask = 2147483647;
			files = (
				7737091A1CB509760072FE7D /* WebKit.framework in Frameworks */,
				703EE013630C21DB13CD748C /* libPods-ZBAnt.a in Frameworks */,
			);
			runOnlyForDeploymentPostprocessing = 0;
		};
/* End PBXFrameworksBuildPhase section */

/* Begin PBXGroup section */
		24D401B6036A942ABAE75BA8 /* Frameworks */ = {
			isa = PBXGroup;
			children = (
				4FE83F78D45ADA8B1D77D17C /* libPods-ZBAnt.a */,
			);
			name = Frameworks;
			sourceTree = "<group>";
		};
		772687541CB6468B005A9CC3 /* ZBAnt */ = {
			isa = PBXGroup;
			children = (
				77C9CD0D1D6F2AD90049097F /* NSString+AESCrypt.h */,
				77C9CD0E1D6F2AD90049097F /* NSString+AESCrypt.m */,
				772687551CB6468B005A9CC3 /* ZBAnt.h */,
				772687561CB6468B005A9CC3 /* ZBAnt.m */,
			);
			name = ZBAnt;
			path = ZBAnt/ZBAnt;
			sourceTree = "<group>";
		};
		7791614A1CB2324E00CB0C77 = {
			isa = PBXGroup;
			children = (
				7707A6FB1D8C3A6D00B2328F /* ZBServersViewController.h */,
				7707A6FC1D8C3A6D00B2328F /* ZBServersViewController.m */,
				7707A6F81D8C362A00B2328F /* ZBStatisticsViewController.h */,
				7707A6F91D8C362A00B2328F /* ZBStatisticsViewController.m */,
				77E733851D9633A200B6BB98 /* ZBNewrankViewController.h */,
				77E733861D9633A200B6BB98 /* ZBNewrankViewController.m */,
				77EB905B1D8FF1F5004C74DC /* ZBPingViewController.h */,
				77EB905C1D8FF1F5004C74DC /* ZBPingViewController.m */,
				774B42711D8E99FD006AE931 /* ZBLoginViewController.h */,
				774B42721D8E99FD006AE931 /* ZBLoginViewController.m */,
				774B426D1D8E68CB006AE931 /* ZBAntServer.h */,
				774B426E1D8E68CB006AE931 /* ZBAntServer.m */,
				774B426A1D8E5894006AE931 /* ZBServerSettingsViewController.h */,
				774B426B1D8E5894006AE931 /* ZBServerSettingsViewController.m */,
				7730ED061D8BF0EE0056877C /* ZBHTTPManager.h */,
				7730ED071D8BF0EE0056877C /* ZBHTTPManager.m */,
				772687541CB6468B005A9CC3 /* ZBAnt */,
				779161591CB2324E00CB0C77 /* AppDelegate.h */,
				7791615A1CB2324E00CB0C77 /* AppDelegate.m */,
				7791615C1CB2324E00CB0C77 /* FirstViewController.h */,
				7791615D1CB2324E00CB0C77 /* FirstViewController.m */,
				7791615F1CB2324E00CB0C77 /* SecondViewController.h */,
				779161601CB2324E00CB0C77 /* SecondViewController.m */,
				779161621CB2324E00CB0C77 /* Main.storyboard */,
				779161651CB2324E00CB0C77 /* Assets.xcassets */,
				779161671CB2324E00CB0C77 /* LaunchScreen.storyboard */,
				7791616A1CB2324E00CB0C77 /* Info.plist */,
				779161561CB2324E00CB0C77 /* Supporting Files */,
				773709191CB509760072FE7D /* WebKit.framework */,
				779161571CB2324E00CB0C77 /* main.m */,
				779161541CB2324E00CB0C77 /* Products */,
				94714D12EF080C446354B7D0 /* Pods */,
				24D401B6036A942ABAE75BA8 /* Frameworks */,
			);
			sourceTree = "<group>";
		};
		779161541CB2324E00CB0C77 /* Products */ = {
			isa = PBXGroup;
			children = (
				779161531CB2324E00CB0C77 /* ZBAnt.app */,
			);
			name = Products;
			sourceTree = "<group>";
		};
		779161561CB2324E00CB0C77 /* Supporting Files */ = {
			isa = PBXGroup;
			children = (
			);
			name = "Supporting Files";
			path = ZBAnt;
			sourceTree = "<group>";
		};
		94714D12EF080C446354B7D0 /* Pods */ = {
			isa = PBXGroup;
			children = (
				A056646329995E61274C7746 /* Pods-ZBAnt.debug.xcconfig */,
				F74214331E04B05602FDEE98 /* Pods-ZBAnt.release.xcconfig */,
			);
			name = Pods;
			sourceTree = "<group>";
		};
/* End PBXGroup section */

/* Begin PBXNativeTarget section */
		779161521CB2324E00CB0C77 /* ZBAnt */ = {
			isa = PBXNativeTarget;
			buildConfigurationList = 7791616D1CB2324E00CB0C77 /* Build configuration list for PBXNativeTarget "ZBAnt" */;
			buildPhases = (
				4479922457AF53D3D4021ADD /* [CP] Check Pods Manifest.lock */,
				7791614F1CB2324E00CB0C77 /* Sources */,
				779161501CB2324E00CB0C77 /* Frameworks */,
				779161511CB2324E00CB0C77 /* Resources */,
				601849A825F9469AA43233A0 /* [CP] Embed Pods Frameworks */,
				A08F77533E5C130C0C1A048A /* [CP] Copy Pods Resources */,
			);
			buildRules = (
			);
			dependencies = (
			);
			name = ZBAnt;
			productName = ZBAnt;
			productReference = 779161531CB2324E00CB0C77 /* ZBAnt.app */;
			productType = "com.apple.product-type.application";
		};
/* End PBXNativeTarget section */

/* Begin PBXProject section */
		7791614B1CB2324E00CB0C77 /* Project object */ = {
			isa = PBXProject;
			attributes = {
				LastUpgradeCheck = 0800;
				ORGANIZATIONNAME = Zoombin;
				TargetAttributes = {
					779161521CB2324E00CB0C77 = {
						CreatedOnToolsVersion = 7.3;
					};
				};
			};
			buildConfigurationList = 7791614E1CB2324E00CB0C77 /* Build configuration list for PBXProject "ZBAnt" */;
			compatibilityVersion = "Xcode 3.2";
			developmentRegion = English;
			hasScannedForEncodings = 0;
			knownRegions = (
				en,
				Base,
			);
			mainGroup = 7791614A1CB2324E00CB0C77;
			productRefGroup = 779161541CB2324E00CB0C77 /* Products */;
			projectDirPath = "";
			projectRoot = "";
			targets = (
				779161521CB2324E00CB0C77 /* ZBAnt */,
			);
		};
/* End PBXProject section */

/* Begin PBXResourcesBuildPhase section */
		779161511CB2324E00CB0C77 /* Resources */ = {
			isa = PBXResourcesBuildPhase;
			buildActionMask = 2147483647;
			files = (
				779161691CB2324E00CB0C77 /* LaunchScreen.storyboard in Resources */,
				779161661CB2324E00CB0C77 /* Assets.xcassets in Resources */,
				779161641CB2324E00CB0C77 /* Main.storyboard in Resources */,
			);
			runOnlyForDeploymentPostprocessing = 0;
		};
/* End PBXResourcesBuildPhase section */

/* Begin PBXShellScriptBuildPhase section */
		4479922457AF53D3D4021ADD /* [CP] Check Pods Manifest.lock */ = {
			isa = PBXShellScriptBuildPhase;
			buildActionMask = 2147483647;
			files = (
			);
			inputPaths = (
			);
			name = "[CP] Check Pods Manifest.lock";
			outputPaths = (
			);
			runOnlyForDeploymentPostprocessing = 0;
			shellPath = /bin/sh;
			shellScript = "diff \"${PODS_ROOT}/../Podfile.lock\" \"${PODS_ROOT}/Manifest.lock\" > /dev/null\nif [[ $? != 0 ]] ; then\n    cat << EOM\nerror: The sandbox is not in sync with the Podfile.lock. Run 'pod install' or update your CocoaPods installation.\nEOM\n    exit 1\nfi\n";
			showEnvVarsInLog = 0;
		};
		601849A825F9469AA43233A0 /* [CP] Embed Pods Frameworks */ = {
			isa = PBXShellScriptBuildPhase;
			buildActionMask = 2147483647;
			files = (
			);
			inputPaths = (
			);
			name = "[CP] Embed Pods Frameworks";
			outputPaths = (
			);
			runOnlyForDeploymentPostprocessing = 0;
			shellPath = /bin/sh;
			shellScript = "\"${SRCROOT}/Pods/Target Support Files/Pods-ZBAnt/Pods-ZBAnt-frameworks.sh\"\n";
			showEnvVarsInLog = 0;
		};
		A08F77533E5C130C0C1A048A /* [CP] Copy Pods Resources */ = {
			isa = PBXShellScriptBuildPhase;
			buildActionMask = 2147483647;
			files = (
			);
			inputPaths = (
			);
			name = "[CP] Copy Pods Resources";
			outputPaths = (
			);
			runOnlyForDeploymentPostprocessing = 0;
			shellPath = /bin/sh;
			shellScript = "\"${SRCROOT}/Pods/Target Support Files/Pods-ZBAnt/Pods-ZBAnt-resources.sh\"\n";
			showEnvVarsInLog = 0;
		};
/* End PBXShellScriptBuildPhase section */

/* Begin PBXSourcesBuildPhase section */
		7791614F1CB2324E00CB0C77 /* Sources */ = {
			isa = PBXSourcesBuildPhase;
			buildActionMask = 2147483647;
			files = (
				77C9CD0F1D6F2AD90049097F /* NSString+AESCrypt.m in Sources */,
				779161611CB2324E00CB0C77 /* SecondViewController.m in Sources */,
				774B426F1D8E68CB006AE931 /* ZBAntServer.m in Sources */,
				774B426C1D8E5894006AE931 /* ZBServerSettingsViewController.m in Sources */,
				7791615B1CB2324E00CB0C77 /* AppDelegate.m in Sources */,
				7791615E1CB2324E00CB0C77 /* FirstViewController.m in Sources */,
				774B42731D8E99FD006AE931 /* ZBLoginViewController.m in Sources */,
				77E733871D9633A200B6BB98 /* ZBNewrankViewController.m in Sources */,
				7707A6FA1D8C362A00B2328F /* ZBStatisticsViewController.m in Sources */,
				7730ED081D8BF0EE0056877C /* ZBHTTPManager.m in Sources */,
				772687591CB6468B005A9CC3 /* ZBAnt.m in Sources */,
				779161581CB2324E00CB0C77 /* main.m in Sources */,
				7707A6FD1D8C3A6D00B2328F /* ZBServersViewController.m in Sources */,
				77EB905D1D8FF1F5004C74DC /* ZBPingViewController.m in Sources */,
			);
			runOnlyForDeploymentPostprocessing = 0;
		};
/* End PBXSourcesBuildPhase section */

/* Begin PBXVariantGroup section */
		779161621CB2324E00CB0C77 /* Main.storyboard */ = {
			isa = PBXVariantGroup;
			children = (
				779161631CB2324E00CB0C77 /* Base */,
			);
			name = Main.storyboard;
			path = ZBAnt;
			sourceTree = "<group>";
		};
		779161671CB2324E00CB0C77 /* LaunchScreen.storyboard */ = {
			isa = PBXVariantGroup;
			children = (
				779161681CB2324E00CB0C77 /* Base */,
			);
			name = LaunchScreen.storyboard;
			path = ZBAnt;
			sourceTree = "<group>";
		};
/* End PBXVariantGroup section */

/* Begin XCBuildConfiguration section */
		7791616B1CB2324E00CB0C77 /* Debug */ = {
			isa = XCBuildConfiguration;
			buildSettings = {
				ALWAYS_SEARCH_USER_PATHS = NO;
				CLANG_ANALYZER_NONNULL = YES;
				CLANG_CXX_LANGUAGE_STANDARD = "gnu++0x";
				CLANG_CXX_LIBRARY = "libc++";
				CLANG_ENABLE_MODULES = YES;
				CLANG_ENABLE_OBJC_ARC = YES;
				CLANG_WARN_BOOL_CONVERSION = YES;
				CLANG_WARN_CONSTANT_CONVERSION = YES;
				CLANG_WARN_DIRECT_OBJC_ISA_USAGE = YES_ERROR;
				CLANG_WARN_EMPTY_BODY = YES;
				CLANG_WARN_ENUM_CONVERSION = YES;
				CLANG_WARN_INFINITE_RECURSION = YES;
				CLANG_WARN_INT_CONVERSION = YES;
				CLANG_WARN_OBJC_ROOT_CLASS = YES_ERROR;
				CLANG_WARN_SUSPICIOUS_MOVE = YES;
				CLANG_WARN_UNREACHABLE_CODE = YES;
				CLANG_WARN__DUPLICATE_METHOD_MATCH = YES;
				"CODE_SIGN_IDENTITY[sdk=iphoneos*]" = "iPhone Developer";
				COPY_PHASE_STRIP = NO;
				DEBUG_INFORMATION_FORMAT = dwarf;
				ENABLE_STRICT_OBJC_MSGSEND = YES;
				ENABLE_TESTABILITY = YES;
				GCC_C_LANGUAGE_STANDARD = gnu99;
				GCC_DYNAMIC_NO_PIC = NO;
				GCC_NO_COMMON_BLOCKS = YES;
				GCC_OPTIMIZATION_LEVEL = 0;
				GCC_PREPROCESSOR_DEFINITIONS = (
					"DEBUG=1",
					"$(inherited)",
				);
				GCC_WARN_64_TO_32_BIT_CONVERSION = YES;
				GCC_WARN_ABOUT_RETURN_TYPE = YES_ERROR;
				GCC_WARN_UNDECLARED_SELECTOR = YES;
				GCC_WARN_UNINITIALIZED_AUTOS = YES_AGGRESSIVE;
				GCC_WARN_UNUSED_FUNCTION = YES;
				GCC_WARN_UNUSED_VARIABLE = YES;
				IPHONEOS_DEPLOYMENT_TARGET = 9.3;
				MTL_ENABLE_DEBUG_INFO = YES;
				ONLY_ACTIVE_ARCH = YES;
				SDKROOT = iphoneos;
			};
			name = Debug;
		};
		7791616C1CB2324E00CB0C77 /* Release */ = {
			isa = XCBuildConfiguration;
			buildSettings = {
				ALWAYS_SEARCH_USER_PATHS = NO;
				CLANG_ANALYZER_NONNULL = YES;
				CLANG_CXX_LANGUAGE_STANDARD = "gnu++0x";
				CLANG_CXX_LIBRARY = "libc++";
				CLANG_ENABLE_MODULES = YES;
				CLANG_ENABLE_OBJC_ARC = YES;
				CLANG_WARN_BOOL_CONVERSION = YES;
				CLANG_WARN_CONSTANT_CONVERSION = YES;
				CLANG_WARN_DIRECT_OBJC_ISA_USAGE = YES_ERROR;
				CLANG_WARN_EMPTY_BODY = YES;
				CLANG_WARN_ENUM_CONVERSION = YES;
				CLANG_WARN_INFINITE_RECURSION = YES;
				CLANG_WARN_INT_CONVERSION = YES;
				CLANG_WARN_OBJC_ROOT_CLASS = YES_ERROR;
				CLANG_WARN_SUSPICIOUS_MOVE = YES;
				CLANG_WARN_UNREACHABLE_CODE = YES;
				CLANG_WARN__DUPLICATE_METHOD_MATCH = YES;
				"CODE_SIGN_IDENTITY[sdk=iphoneos*]" = "iPhone Developer";
				COPY_PHASE_STRIP = NO;
				DEBUG_INFORMATION_FORMAT = "dwarf-with-dsym";
				ENABLE_NS_ASSERTIONS = NO;
				ENABLE_STRICT_OBJC_MSGSEND = YES;
				GCC_C_LANGUAGE_STANDARD = gnu99;
				GCC_NO_COMMON_BLOCKS = YES;
				GCC_WARN_64_TO_32_BIT_CONVERSION = YES;
				GCC_WARN_ABOUT_RETURN_TYPE = YES_ERROR;
				GCC_WARN_UNDECLARED_SELECTOR = YES;
				GCC_WARN_UNINITIALIZED_AUTOS = YES_AGGRESSIVE;
				GCC_WARN_UNUSED_FUNCTION = YES;
				GCC_WARN_UNUSED_VARIABLE = YES;
				IPHONEOS_DEPLOYMENT_TARGET = 9.3;
				MTL_ENABLE_DEBUG_INFO = NO;
				SDKROOT = iphoneos;
				VALIDATE_PRODUCT = YES;
			};
			name = Release;
		};
		7791616E1CB2324E00CB0C77 /* Debug */ = {
			isa = XCBuildConfiguration;
			baseConfigurationReference = A056646329995E61274C7746 /* Pods-ZBAnt.debug.xcconfig */;
			buildSettings = {
				ASSETCATALOG_COMPILER_APPICON_NAME = AppIcon;
				INFOPLIST_FILE = ZBAnt/Info.plist;
				LD_RUNPATH_SEARCH_PATHS = "$(inherited) @executable_path/Frameworks";
				PRODUCT_BUNDLE_IDENTIFIER = com.zoombin.ant;
				PRODUCT_NAME = "$(TARGET_NAME)";
			};
			name = Debug;
		};
		7791616F1CB2324E00CB0C77 /* Release */ = {
			isa = XCBuildConfiguration;
			baseConfigurationReference = F74214331E04B05602FDEE98 /* Pods-ZBAnt.release.xcconfig */;
			buildSettings = {
				ASSETCATALOG_COMPILER_APPICON_NAME = AppIcon;
				INFOPLIST_FILE = ZBAnt/Info.plist;
				LD_RUNPATH_SEARCH_PATHS = "$(inherited) @executable_path/Frameworks";
				PRODUCT_BUNDLE_IDENTIFIER = com.zoombin.ant;
				PRODUCT_NAME = "$(TARGET_NAME)";
			};
			name = Release;
		};
/* End XCBuildConfiguration section */

/* Begin XCConfigurationList section */
		7791614E1CB2324E00CB0C77 /* Build configuration list for PBXProject "ZBAnt" */ = {
			isa = XCConfigurationList;
			buildConfigurations = (
				7791616B1CB2324E00CB0C77 /* Debug */,
				7791616C1CB2324E00CB0C77 /* Release */,
			);
			defaultConfigurationIsVisible = 0;
			defaultConfigurationName = Release;
		};
		7791616D1CB2324E00CB0C77 /* Build configuration list for PBXNativeTarget "ZBAnt" */ = {
			isa = XCConfigurationList;
			buildConfigurations = (
				7791616E1CB2324E00CB0C77 /* Debug */,
				7791616F1CB2324E00CB0C77 /* Release */,
			);
			defaultConfigurationIsVisible = 0;
			defaultConfigurationName = Release;
		};
/* End XCConfigurationList section */
	};
	rootObject = 7791614B1CB2324E00CB0C77 /* Project object */;
}
